
Microsoft Visual Studio Solution File, Format Version 12.00
# Visual Studio 15
VisualStudioVersion = 15.0.26403.7
MinimumVisualStudioVersion = 10.0.40219.1
Project("{FAE04EC0-301F-11D3-BF4B-00C04F79EFBC}") = "Sales.Android", "Sales\Sales.Android\Sales.Android.csproj", "{524DA57E-1446-4AC2-BF88-0ED350A2D2D5}"
EndProject
Project("{FAE04EC0-301F-11D3-BF4B-00C04F79EFBC}") = "Sales", "Sales\Sales\Sales.csproj", "{C9E50D1B-BF79-409A-B6D3-6DAE02062511}"
EndProject
Project("{FAE04EC0-301F-11D3-BF4B-00C04F79EFBC}") = "Sales.UWP", "Sales\Sales.UWP\Sales.UWP.csproj", "{0648B14E-E33D-44E1-A3AE-31C238B51E46}"
EndProject
Project("{FAE04EC0-301F-11D3-BF4B-00C04F79EFBC}") = "Sales.iOS", "Sales\Sales.iOS\Sales.iOS.csproj", "{C3065604-9ACC-4C05-85F5-6DD80CFCFD57}"
EndProject
Project("{FAE04EC0-301F-11D3-BF4B-00C04F79EFBC}") = "Sales.Backend", "Sales.Backend\Sales.Backend.csproj", "{C3161157-04A4-4FD6-979E-5EC35EDC9F7D}"
EndProject
Project("{FAE04EC0-301F-11D3-BF4B-00C04F79EFBC}") = "Sales.API", "Sales.API\Sales.API.csproj", "{5A4A1932-7E3A-4242-A38E-D702C02FB368}"
EndProject
Project("{FAE04EC0-301F-11D3-BF4B-00C04F79EFBC}") = "Sales.Domain", "Sales.Domain\Sales.Domain.csproj", "{516F00E8-6021-43B5-8A13-5E86A1C28F62}"
EndProject
Project("{FAE04EC0-301F-11D3-BF4B-00C04F79EFBC}") = "Sales.Common", "Sales.Common\Sales.Common.csproj", "{704AA2FC-488D-4641-9547-94B85BE6431A}"
EndProject
Global
	GlobalSection(SolutionConfigurationPlatforms) = preSolution
		Ad-Hoc|Any CPU = Ad-Hoc|Any CPU
		Ad-Hoc|ARM = Ad-Hoc|ARM
		Ad-Hoc|iPhone = Ad-Hoc|iPhone
		Ad-Hoc|iPhoneSimulator = Ad-Hoc|iPhoneSimulator
		Ad-Hoc|x64 = Ad-Hoc|x64
		Ad-Hoc|x86 = Ad-Hoc|x86
		AppStore|Any CPU = AppStore|Any CPU
		AppStore|ARM = AppStore|ARM
		AppStore|iPhone = AppStore|iPhone
		AppStore|iPhoneSimulator = AppStore|iPhoneSimulator
		AppStore|x64 = AppStore|x64
		AppStore|x86 = AppStore|x86
		Debug|Any CPU = Debug|Any CPU
		Debug|ARM = Debug|ARM
		Debug|iPhone = Debug|iPhone
		Debug|iPhoneSimulator = Debug|iPhoneSimulator
		Debug|x64 = Debug|x64
		Debug|x86 = Debug|x86
		Release|Any CPU = Release|Any CPU
		Release|ARM = Release|ARM
		Release|iPhone = Release|iPhone
		Release|iPhoneSimulator = Release|iPhoneSimulator
		Release|x64 = Release|x64
		Release|x86 = Release|x86
	EndGlobalSection
	GlobalSection(ProjectConfigurationPlatforms) = postSolution
		{524DA57E-1446-4AC2-BF88-0ED350A2D2D5}.Ad-Hoc|Any CPU.ActiveCfg = Release|Any CPU
		{524DA57E-1446-4AC2-BF88-0ED350A2D2D5}.Ad-Hoc|Any CPU.Build.0 = Release|Any CPU
		{524DA57E-1446-4AC2-BF88-0ED350A2D2D5}.Ad-Hoc|Any CPU.Deploy.0 = Release|Any CPU
		{524DA57E-1446-4AC2-BF88-0ED350A2D2D5}.Ad-Hoc|ARM.ActiveCfg = Release|Any CPU
		{524DA57E-1446-4AC2-BF88-0ED350A2D2D5}.Ad-Hoc|ARM.Build.0 = Release|Any CPU
		{524DA57E-1446-4AC2-BF88-0ED350A2D2D5}.Ad-Hoc|ARM.Deploy.0 = Release|Any CPU
		{524DA57E-1446-4AC2-BF88-0ED350A2D2D5}.Ad-Hoc|iPhone.ActiveCfg = Release|Any CPU
		{524DA57E-1446-4AC2-BF88-0ED350A2D2D5}.Ad-Hoc|iPhone.Build.0 = Release|Any CPU
		{524DA57E-1446-4AC2-BF88-0ED350A2D2D5}.Ad-Hoc|iPhone.Deploy.0 = Release|Any CPU
		{524DA57E-1446-4AC2-BF88-0ED350A2D2D5}.Ad-Hoc|iPhoneSimulator.ActiveCfg = Release|Any CPU
		{524DA57E-1446-4AC2-BF88-0ED350A2D2D5}.Ad-Hoc|iPhoneSimulator.Build.0 = Release|Any CPU
		{524DA57E-1446-4AC2-BF88-0ED350A2D2D5}.Ad-Hoc|iPhoneSimulator.Deploy.0 = Release|Any CPU
		{524DA57E-1446-4AC2-BF88-0ED350A2D2D5}.Ad-Hoc|x64.ActiveCfg = Release|Any CPU
		{524DA57E-1446-4AC2-BF88-0ED350A2D2D5}.Ad-Hoc|x64.Build.0 = Release|Any CPU
		{524DA57E-1446-4AC2-BF88-0ED350A2D2D5}.Ad-Hoc|x64.Deploy.0 = Release|Any CPU
		{524DA57E-1446-4AC2-BF88-0ED350A2D2D5}.Ad-Hoc|x86.ActiveCfg = Release|Any CPU
		{524DA57E-1446-4AC2-BF88-0ED350A2D2D5}.Ad-Hoc|x86.Build.0 = Release|Any CPU
		{524DA57E-1446-4AC2-BF88-0ED350A2D2D5}.Ad-Hoc|x86.Deploy.0 = Release|Any CPU
		{524DA57E-1446-4AC2-BF88-0ED350A2D2D5}.AppStore|Any CPU.ActiveCfg = Release|Any CPU
		{524DA57E-1446-4AC2-BF88-0ED350A2D2D5}.AppStore|Any CPU.Build.0 = Release|Any CPU
		{524DA57E-1446-4AC2-BF88-0ED350A2D2D5}.AppStore|Any CPU.Deploy.0 = Release|Any CPU
		{524DA57E-1446-4AC2-BF88-0ED350A2D2D5}.AppStore|ARM.ActiveCfg = Release|Any CPU
		{524DA57E-1446-4AC2-BF88-0ED350A2D2D5}.AppStore|ARM.Build.0 = Release|Any CPU
		{524DA57E-1446-4AC2-BF88-0ED350A2D2D5}.AppStore|ARM.Deploy.0 = Release|Any CPU
		{524DA57E-1446-4AC2-BF88-0ED350A2D2D5}.AppStore|iPhone.ActiveCfg = Release|Any CPU
		{524DA57E-1446-4AC2-BF88-0ED350A2D2D5}.AppStore|iPhone.Build.0 = Release|Any CPU
		{524DA57E-1446-4AC2-BF88-0ED350A2D2D5}.AppStore|iPhone.Deploy.0 = Release|Any CPU
		{524DA57E-1446-4AC2-BF88-0ED350A2D2D5}.AppStore|iPhoneSimulator.ActiveCfg = Release|Any CPU
		{524DA57E-1446-4AC2-BF88-0ED350A2D2D5}.AppStore|iPhoneSimulator.Build.0 = Release|Any CPU
		{524DA57E-1446-4AC2-BF88-0ED350A2D2D5}.AppStore|iPhoneSimulator.Deploy.0 = Release|Any CPU
		{524DA57E-1446-4AC2-BF88-0ED350A2D2D5}.AppStore|x64.ActiveCfg = Release|Any CPU
		{524DA57E-1446-4AC2-BF88-0ED350A2D2D5}.AppStore|x64.Build.0 = Release|Any CPU
		{524DA57E-1446-4AC2-BF88-0ED350A2D2D5}.AppStore|x64.Deploy.0 = Release|Any CPU
		{524DA57E-1446-4AC2-BF88-0ED350A2D2D5}.AppStore|x86.ActiveCfg = Release|Any CPU
		{524DA57E-1446-4AC2-BF88-0ED350A2D2D5}.AppStore|x86.Build.0 = Release|Any CPU
		{524DA57E-1446-4AC2-BF88-0ED350A2D2D5}.AppStore|x86.Deploy.0 = Release|Any CPU
		{524DA57E-1446-4AC2-BF88-0ED350A2D2D5}.Debug|Any CPU.ActiveCfg = Debug|Any CPU
		{524DA57E-1446-4AC2-BF88-0ED350A2D2D5}.Debug|Any CPU.Build.0 = Debug|Any CPU
		{524DA57E-1446-4AC2-BF88-0ED350A2D2D5}.Debug|Any CPU.Deploy.0 = Debug|Any CPU
		{524DA57E-1446-4AC2-BF88-0ED350A2D2D5}.Debug|ARM.ActiveCfg = Debug|Any CPU
		{524DA57E-1446-4AC2-BF88-0ED350A2D2D5}.Debug|ARM.Build.0 = Debug|Any CPU
		{524DA57E-1446-4AC2-BF88-0ED350A2D2D5}.Debug|ARM.Deploy.0 = Debug|Any CPU
		{524DA57E-1446-4AC2-BF88-0ED350A2D2D5}.Debug|iPhone.ActiveCfg = Debug|Any CPU
		{524DA57E-1446-4AC2-BF88-0ED350A2D2D5}.Debug|iPhone.Build.0 = Debug|Any CPU
		{524DA57E-1446-4AC2-BF88-0ED350A2D2D5}.Debug|iPhone.Deploy.0 = Debug|Any CPU
		{524DA57E-1446-4AC2-BF88-0ED350A2D2D5}.Debug|iPhoneSimulator.ActiveCfg = Debug|Any CPU
		{524DA57E-1446-4AC2-BF88-0ED350A2D2D5}.Debug|iPhoneSimulator.Build.0 = Debug|Any CPU
		{524DA57E-1446-4AC2-BF88-0ED350A2D2D5}.Debug|iPhoneSimulator.Deploy.0 = Debug|Any CPU
		{524DA57E-1446-4AC2-BF88-0ED350A2D2D5}.Debug|x64.ActiveCfg = Debug|Any CPU
		{524DA57E-1446-4AC2-BF88-0ED350A2D2D5}.Debug|x64.Build.0 = Debug|Any CPU
		{524DA57E-1446-4AC2-BF88-0ED350A2D2D5}.Debug|x64.Deploy.0 = Debug|Any CPU
		{524DA57E-1446-4AC2-BF88-0ED350A2D2D5}.Debug|x86.ActiveCfg = Debug|Any CPU
		{524DA57E-1446-4AC2-BF88-0ED350A2D2D5}.Debug|x86.Build.0 = Debug|Any CPU
		{524DA57E-1446-4AC2-BF88-0ED350A2D2D5}.Debug|x86.Deploy.0 = Debug|Any CPU
		{524DA57E-1446-4AC2-BF88-0ED350A2D2D5}.Release|Any CPU.ActiveCfg = Release|Any CPU
		{524DA57E-1446-4AC2-BF88-0ED350A2D2D5}.Release|Any CPU.Build.0 = Release|Any CPU
		{524DA57E-1446-4AC2-BF88-0ED350A2D2D5}.Release|Any CPU.Deploy.0 = Release|Any CPU
		{524DA57E-1446-4AC2-BF88-0ED350A2D2D5}.Release|ARM.ActiveCfg = Release|Any CPU
		{524DA57E-1446-4AC2-BF88-0ED350A2D2D5}.Release|ARM.Build.0 = Release|Any CPU
		{524DA57E-1446-4AC2-BF88-0ED350A2D2D5}.Release|ARM.Deploy.0 = Release|Any CPU
		{524DA57E-1446-4AC2-BF88-0ED350A2D2D5}.Release|iPhone.ActiveCfg = Release|Any CPU
		{524DA57E-1446-4AC2-BF88-0ED350A2D2D5}.Release|iPhone.Build.0 = Release|Any CPU
		{524DA57E-1446-4AC2-BF88-0ED350A2D2D5}.Release|iPhone.Deploy.0 = Release|Any CPU
		{524DA57E-1446-4AC2-BF88-0ED350A2D2D5}.Release|iPhoneSimulator.ActiveCfg = Release|Any CPU
		{524DA57E-1446-4AC2-BF88-0ED350A2D2D5}.Release|iPhoneSimulator.Build.0 = Release|Any CPU
		{524DA57E-1446-4AC2-BF88-0ED350A2D2D5}.Release|iPhoneSimulator.Deploy.0 = Release|Any CPU
		{524DA57E-1446-4AC2-BF88-0ED350A2D2D5}.Release|x64.ActiveCfg = Release|Any CPU
		{524DA57E-1446-4AC2-BF88-0ED350A2D2D5}.Release|x64.Build.0 = Release|Any CPU
		{524DA57E-1446-4AC2-BF88-0ED350A2D2D5}.Release|x64.Deploy.0 = Release|Any CPU
		{524DA57E-1446-4AC2-BF88-0ED350A2D2D5}.Release|x86.ActiveCfg = Release|Any CPU
		{524DA57E-1446-4AC2-BF88-0ED350A2D2D5}.Release|x86.Build.0 = Release|Any CPU
		{524DA57E-1446-4AC2-BF88-0ED350A2D2D5}.Release|x86.Deploy.0 = Release|Any CPU
		{C9E50D1B-BF79-409A-B6D3-6DAE02062511}.Ad-Hoc|Any CPU.ActiveCfg = Release|Any CPU
		{C9E50D1B-BF79-409A-B6D3-6DAE02062511}.Ad-Hoc|Any CPU.Build.0 = Release|Any CPU
		{C9E50D1B-BF79-409A-B6D3-6DAE02062511}.Ad-Hoc|ARM.ActiveCfg = Release|Any CPU
		{C9E50D1B-BF79-409A-B6D3-6DAE02062511}.Ad-Hoc|ARM.Build.0 = Release|Any CPU
		{C9E50D1B-BF79-409A-B6D3-6DAE02062511}.Ad-Hoc|iPhone.ActiveCfg = Release|Any CPU
		{C9E50D1B-BF79-409A-B6D3-6DAE02062511}.Ad-Hoc|iPhone.Build.0 = Release|Any CPU
		{C9E50D1B-BF79-409A-B6D3-6DAE02062511}.Ad-Hoc|iPhoneSimulator.ActiveCfg = Release|Any CPU
		{C9E50D1B-BF79-409A-B6D3-6DAE02062511}.Ad-Hoc|iPhoneSimulator.Build.0 = Release|Any CPU
		{C9E50D1B-BF79-409A-B6D3-6DAE02062511}.Ad-Hoc|x64.ActiveCfg = Release|Any CPU
		{C9E50D1B-BF79-409A-B6D3-6DAE02062511}.Ad-Hoc|x64.Build.0 = Release|Any CPU
		{C9E50D1B-BF79-409A-B6D3-6DAE02062511}.Ad-Hoc|x86.ActiveCfg = Release|Any CPU
		{C9E50D1B-BF79-409A-B6D3-6DAE02062511}.Ad-Hoc|x86.Build.0 = Release|Any CPU
		{C9E50D1B-BF79-409A-B6D3-6DAE02062511}.AppStore|Any CPU.ActiveCfg = Release|Any CPU
		{C9E50D1B-BF79-409A-B6D3-6DAE02062511}.AppStore|Any CPU.Build.0 = Release|Any CPU
		{C9E50D1B-BF79-409A-B6D3-6DAE02062511}.AppStore|ARM.ActiveCfg = Release|Any CPU
		{C9E50D1B-BF79-409A-B6D3-6DAE02062511}.AppStore|ARM.Build.0 = Release|Any CPU
		{C9E50D1B-BF79-409A-B6D3-6DAE02062511}.AppStore|iPhone.ActiveCfg = Release|Any CPU
		{C9E50D1B-BF79-409A-B6D3-6DAE02062511}.AppStore|iPhone.Build.0 = Release|Any CPU
		{C9E50D1B-BF79-409A-B6D3-6DAE02062511}.AppStore|iPhoneSimulator.ActiveCfg = Release|Any CPU
		{C9E50D1B-BF79-409A-B6D3-6DAE02062511}.AppStore|iPhoneSimulator.Build.0 = Release|Any CPU
		{C9E50D1B-BF79-409A-B6D3-6DAE02062511}.AppStore|x64.ActiveCfg = Release|Any CPU
		{C9E50D1B-BF79-409A-B6D3-6DAE02062511}.AppStore|x64.Build.0 = Release|Any CPU
		{C9E50D1B-BF79-409A-B6D3-6DAE02062511}.AppStore|x86.ActiveCfg = Release|Any CPU
		{C9E50D1B-BF79-409A-B6D3-6DAE02062511}.AppStore|x86.Build.0 = Release|Any CPU
		{C9E50D1B-BF79-409A-B6D3-6DAE02062511}.Debug|Any CPU.ActiveCfg = Debug|Any CPU
		{C9E50D1B-BF79-409A-B6D3-6DAE02062511}.Debug|Any CPU.Build.0 = Debug|Any CPU
		{C9E50D1B-BF79-409A-B6D3-6DAE02062511}.Debug|ARM.ActiveCfg = Debug|Any CPU
		{C9E50D1B-BF79-409A-B6D3-6DAE02062511}.Debug|ARM.Build.0 = Debug|Any CPU
		{C9E50D1B-BF79-409A-B6D3-6DAE02062511}.Debug|iPhone.ActiveCfg = Debug|Any CPU
		{C9E50D1B-BF79-409A-B6D3-6DAE02062511}.Debug|iPhone.Build.0 = Debug|Any CPU
		{C9E50D1B-BF79-409A-B6D3-6DAE02062511}.Debug|iPhoneSimulator.ActiveCfg = Debug|Any CPU
		{C9E50D1B-BF79-409A-B6D3-6DAE02062511}.Debug|iPhoneSimulator.Build.0 = Debug|Any CPU
		{C9E50D1B-BF79-409A-B6D3-6DAE02062511}.Debug|x64.ActiveCfg = Debug|Any CPU
		{C9E50D1B-BF79-409A-B6D3-6DAE02062511}.Debug|x64.Build.0 = Debug|Any CPU
		{C9E50D1B-BF79-409A-B6D3-6DAE02062511}.Debug|x86.ActiveCfg = Debug|Any CPU
		{C9E50D1B-BF79-409A-B6D3-6DAE02062511}.Debug|x86.Build.0 = Debug|Any CPU
		{C9E50D1B-BF79-409A-B6D3-6DAE02062511}.Release|Any CPU.ActiveCfg = Release|Any CPU
		{C9E50D1B-BF79-409A-B6D3-6DAE02062511}.Release|Any CPU.Build.0 = Release|Any CPU
		{C9E50D1B-BF79-409A-B6D3-6DAE02062511}.Release|ARM.ActiveCfg = Release|Any CPU
		{C9E50D1B-BF79-409A-B6D3-6DAE02062511}.Release|ARM.Build.0 = Release|Any CPU
		{C9E50D1B-BF79-409A-B6D3-6DAE02062511}.Release|iPhone.ActiveCfg = Release|Any CPU
		{C9E50D1B-BF79-409A-B6D3-6DAE02062511}.Release|iPhone.Build.0 = Release|Any CPU
		{C9E50D1B-BF79-409A-B6D3-6DAE02062511}.Release|iPhoneSimulator.ActiveCfg = Release|Any CPU
		{C9E50D1B-BF79-409A-B6D3-6DAE02062511}.Release|iPhoneSimulator.Build.0 = Release|Any CPU
		{C9E50D1B-BF79-409A-B6D3-6DAE02062511}.Release|x64.ActiveCfg = Release|Any CPU
		{C9E50D1B-BF79-409A-B6D3-6DAE02062511}.Release|x64.Build.0 = Release|Any CPU
		{C9E50D1B-BF79-409A-B6D3-6DAE02062511}.Release|x86.ActiveCfg = Release|Any CPU
		{C9E50D1B-BF79-409A-B6D3-6DAE02062511}.Release|x86.Build.0 = Release|Any CPU
		{0648B14E-E33D-44E1-A3AE-31C238B51E46}.Ad-Hoc|Any CPU.ActiveCfg = Release|x86
		{0648B14E-E33D-44E1-A3AE-31C238B51E46}.Ad-Hoc|Any CPU.Build.0 = Release|x86
		{0648B14E-E33D-44E1-A3AE-31C238B51E46}.Ad-Hoc|Any CPU.Deploy.0 = Release|x86
		{0648B14E-E33D-44E1-A3AE-31C238B51E46}.Ad-Hoc|ARM.ActiveCfg = Release|ARM
		{0648B14E-E33D-44E1-A3AE-31C238B51E46}.Ad-Hoc|ARM.Build.0 = Release|ARM
		{0648B14E-E33D-44E1-A3AE-31C238B51E46}.Ad-Hoc|ARM.Deploy.0 = Release|ARM
		{0648B14E-E33D-44E1-A3AE-31C238B51E46}.Ad-Hoc|iPhone.ActiveCfg = Release|x86
		{0648B14E-E33D-44E1-A3AE-31C238B51E46}.Ad-Hoc|iPhone.Build.0 = Release|x86
		{0648B14E-E33D-44E1-A3AE-31C238B51E46}.Ad-Hoc|iPhone.Deploy.0 = Release|x86
		{0648B14E-E33D-44E1-A3AE-31C238B51E46}.Ad-Hoc|iPhoneSimulator.ActiveCfg = Release|x86
		{0648B14E-E33D-44E1-A3AE-31C238B51E46}.Ad-Hoc|iPhoneSimulator.Build.0 = Release|x86
		{0648B14E-E33D-44E1-A3AE-31C238B51E46}.Ad-Hoc|iPhoneSimulator.Deploy.0 = Release|x86
		{0648B14E-E33D-44E1-A3AE-31C238B51E46}.Ad-Hoc|x64.ActiveCfg = Release|x64
		{0648B14E-E33D-44E1-A3AE-31C238B51E46}.Ad-Hoc|x64.Build.0 = Release|x64
		{0648B14E-E33D-44E1-A3AE-31C238B51E46}.Ad-Hoc|x64.Deploy.0 = Release|x64
		{0648B14E-E33D-44E1-A3AE-31C238B51E46}.Ad-Hoc|x86.ActiveCfg = Release|x86
		{0648B14E-E33D-44E1-A3AE-31C238B51E46}.Ad-Hoc|x86.Build.0 = Release|x86
		{0648B14E-E33D-44E1-A3AE-31C238B51E46}.Ad-Hoc|x86.Deploy.0 = Release|x86
		{0648B14E-E33D-44E1-A3AE-31C238B51E46}.AppStore|Any CPU.ActiveCfg = Release|x86
		{0648B14E-E33D-44E1-A3AE-31C238B51E46}.AppStore|Any CPU.Build.0 = Release|x86
		{0648B14E-E33D-44E1-A3AE-31C238B51E46}.AppStore|Any CPU.Deploy.0 = Release|x86
		{0648B14E-E33D-44E1-A3AE-31C238B51E46}.AppStore|ARM.ActiveCfg = Release|ARM
		{0648B14E-E33D-44E1-A3AE-31C238B51E46}.AppStore|ARM.Build.0 = Release|ARM
		{0648B14E-E33D-44E1-A3AE-31C238B51E46}.AppStore|ARM.Deploy.0 = Release|ARM
		{0648B14E-E33D-44E1-A3AE-31C238B51E46}.AppStore|iPhone.ActiveCfg = Release|x86
		{0648B14E-E33D-44E1-A3AE-31C238B51E46}.AppStore|iPhone.Build.0 = Release|x86
		{0648B14E-E33D-44E1-A3AE-31C238B51E46}.AppStore|iPhone.Deploy.0 = Release|x86
		{0648B14E-E33D-44E1-A3AE-31C238B51E46}.AppStore|iPhoneSimulator.ActiveCfg = Release|x86
		{0648B14E-E33D-44E1-A3AE-31C238B51E46}.AppStore|iPhoneSimulator.Build.0 = Release|x86
		{0648B14E-E33D-44E1-A3AE-31C238B51E46}.AppStore|iPhoneSimulator.Deploy.0 = Release|x86
		{0648B14E-E33D-44E1-A3AE-31C238B51E46}.AppStore|x64.ActiveCfg = Release|x64
		{0648B14E-E33D-44E1-A3AE-31C238B51E46}.AppStore|x64.Build.0 = Release|x64
		{0648B14E-E33D-44E1-A3AE-31C238B51E46}.AppStore|x64.Deploy.0 = Release|x64
		{0648B14E-E33D-44E1-A3AE-31C238B51E46}.AppStore|x86.ActiveCfg = Release|x86
		{0648B14E-E33D-44E1-A3AE-31C238B51E46}.AppStore|x86.Build.0 = Release|x86
		{0648B14E-E33D-44E1-A3AE-31C238B51E46}.AppStore|x86.Deploy.0 = Release|x86
		{0648B14E-E33D-44E1-A3AE-31C238B51E46}.Debug|Any CPU.ActiveCfg = Debug|x86
		{0648B14E-E33D-44E1-A3AE-31C238B51E46}.Debug|ARM.ActiveCfg = Debug|ARM
		{0648B14E-E33D-44E1-A3AE-31C238B51E46}.Debug|ARM.Build.0 = Debug|ARM
		{0648B14E-E33D-44E1-A3AE-31C238B51E46}.Debug|ARM.Deploy.0 = Debug|ARM
		{0648B14E-E33D-44E1-A3AE-31C238B51E46}.Debug|iPhone.ActiveCfg = Debug|x86
		{0648B14E-E33D-44E1-A3AE-31C238B51E46}.Debug|iPhoneSimulator.ActiveCfg = Debug|x86
		{0648B14E-E33D-44E1-A3AE-31C238B51E46}.Debug|x64.ActiveCfg = Debug|x64
		{0648B14E-E33D-44E1-A3AE-31C238B51E46}.Debug|x64.Build.0 = Debug|x64
		{0648B14E-E33D-44E1-A3AE-31C238B51E46}.Debug|x64.Deploy.0 = Debug|x64
		{0648B14E-E33D-44E1-A3AE-31C238B51E46}.Debug|x86.ActiveCfg = Debug|x86
		{0648B14E-E33D-44E1-A3AE-31C238B51E46}.Debug|x86.Build.0 = Debug|x86
		{0648B14E-E33D-44E1-A3AE-31C238B51E46}.Debug|x86.Deploy.0 = Debug|x86
		{0648B14E-E33D-44E1-A3AE-31C238B51E46}.Release|Any CPU.ActiveCfg = Release|x86
		{0648B14E-E33D-44E1-A3AE-31C238B51E46}.Release|ARM.ActiveCfg = Release|ARM
		{0648B14E-E33D-44E1-A3AE-31C238B51E46}.Release|ARM.Build.0 = Release|ARM
		{0648B14E-E33D-44E1-A3AE-31C238B51E46}.Release|ARM.Deploy.0 = Release|ARM
		{0648B14E-E33D-44E1-A3AE-31C238B51E46}.Release|iPhone.ActiveCfg = Release|x86
		{0648B14E-E33D-44E1-A3AE-31C238B51E46}.Release|iPhoneSimulator.ActiveCfg = Release|x86
		{0648B14E-E33D-44E1-A3AE-31C238B51E46}.Release|x64.ActiveCfg = Release|x64
		{0648B14E-E33D-44E1-A3AE-31C238B51E46}.Release|x64.Build.0 = Release|x64
		{0648B14E-E33D-44E1-A3AE-31C238B51E46}.Release|x64.Deploy.0 = Release|x64
		{0648B14E-E33D-44E1-A3AE-31C238B51E46}.Release|x86.ActiveCfg = Release|x86
		{0648B14E-E33D-44E1-A3AE-31C238B51E46}.Release|x86.Build.0 = Release|x86
		{0648B14E-E33D-44E1-A3AE-31C238B51E46}.Release|x86.Deploy.0 = Release|x86
		{C3065604-9ACC-4C05-85F5-6DD80CFCFD57}.Ad-Hoc|Any CPU.ActiveCfg = Ad-Hoc|iPhone
		{C3065604-9ACC-4C05-85F5-6DD80CFCFD57}.Ad-Hoc|ARM.ActiveCfg = Ad-Hoc|iPhone
		{C3065604-9ACC-4C05-85F5-6DD80CFCFD57}.Ad-Hoc|iPhone.ActiveCfg = Ad-Hoc|iPhone
		{C3065604-9ACC-4C05-85F5-6DD80CFCFD57}.Ad-Hoc|iPhone.Build.0 = Ad-Hoc|iPhone
		{C3065604-9ACC-4C05-85F5-6DD80CFCFD57}.Ad-Hoc|iPhoneSimulator.ActiveCfg = Ad-Hoc|iPhoneSimulator
		{C3065604-9ACC-4C05-85F5-6DD80CFCFD57}.Ad-Hoc|iPhoneSimulator.Build.0 = Ad-Hoc|iPhoneSimulator
		{C3065604-9ACC-4C05-85F5-6DD80CFCFD57}.Ad-Hoc|x64.ActiveCfg = Ad-Hoc|iPhone
		{C3065604-9ACC-4C05-85F5-6DD80CFCFD57}.Ad-Hoc|x86.ActiveCfg = Ad-Hoc|iPhone
		{C3065604-9ACC-4C05-85F5-6DD80CFCFD57}.AppStore|Any CPU.ActiveCfg = AppStore|iPhone
		{C3065604-9ACC-4C05-85F5-6DD80CFCFD57}.AppStore|ARM.ActiveCfg = AppStore|iPhone
		{C3065604-9ACC-4C05-85F5-6DD80CFCFD57}.AppStore|iPhone.ActiveCfg = AppStore|iPhone
		{C3065604-9ACC-4C05-85F5-6DD80CFCFD57}.AppStore|iPhone.Build.0 = AppStore|iPhone
		{C3065604-9ACC-4C05-85F5-6DD80CFCFD57}.AppStore|iPhoneSimulator.ActiveCfg = AppStore|iPhoneSimulator
		{C3065604-9ACC-4C05-85F5-6DD80CFCFD57}.AppStore|iPhoneSimulator.Build.0 = AppStore|iPhoneSimulator
		{C3065604-9ACC-4C05-85F5-6DD80CFCFD57}.AppStore|x64.ActiveCfg = AppStore|iPhone
		{C3065604-9ACC-4C05-85F5-6DD80CFCFD57}.AppStore|x86.ActiveCfg = AppStore|iPhone
		{C3065604-9ACC-4C05-85F5-6DD80CFCFD57}.Debug|Any CPU.ActiveCfg = Debug|iPhone
		{C3065604-9ACC-4C05-85F5-6DD80CFCFD57}.Debug|ARM.ActiveCfg = Debug|iPhone
		{C3065604-9ACC-4C05-85F5-6DD80CFCFD57}.Debug|iPhone.ActiveCfg = Debug|iPhone
		{C3065604-9ACC-4C05-85F5-6DD80CFCFD57}.Debug|iPhone.Build.0 = Debug|iPhone
		{C3065604-9ACC-4C05-85F5-6DD80CFCFD57}.Debug|iPhoneSimulator.ActiveCfg = Debug|iPhoneSimulator
		{C3065604-9ACC-4C05-85F5-6DD80CFCFD57}.Debug|iPhoneSimulator.Build.0 = Debug|iPhoneSimulator
		{C3065604-9ACC-4C05-85F5-6DD80CFCFD57}.Debug|x64.ActiveCfg = Debug|iPhone
		{C3065604-9ACC-4C05-85F5-6DD80CFCFD57}.Debug|x86.ActiveCfg = Debug|iPhone
		{C3065604-9ACC-4C05-85F5-6DD80CFCFD57}.Release|Any CPU.ActiveCfg = Release|iPhone
		{C3065604-9ACC-4C05-85F5-6DD80CFCFD57}.Release|ARM.ActiveCfg = Release|iPhone
		{C3065604-9ACC-4C05-85F5-6DD80CFCFD57}.Release|iPhone.ActiveCfg = Release|iPhone
		{C3065604-9ACC-4C05-85F5-6DD80CFCFD57}.Release|iPhone.Build.0 = Release|iPhone
		{C3065604-9ACC-4C05-85F5-6DD80CFCFD57}.Release|iPhoneSimulator.ActiveCfg = Release|iPhoneSimulator
		{C3065604-9ACC-4C05-85F5-6DD80CFCFD57}.Release|iPhoneSimulator.Build.0 = Release|iPhoneSimulator
		{C3065604-9ACC-4C05-85F5-6DD80CFCFD57}.Release|x64.ActiveCfg = Release|iPhone
		{C3065604-9ACC-4C05-85F5-6DD80CFCFD57}.Release|x86.ActiveCfg = Release|iPhone
		{C3161157-04A4-4FD6-979E-5EC35EDC9F7D}.Ad-Hoc|Any CPU.ActiveCfg = Release|Any CPU
		{C3161157-04A4-4FD6-979E-5EC35EDC9F7D}.Ad-Hoc|Any CPU.Build.0 = Release|Any CPU
		{C3161157-04A4-4FD6-979E-5EC35EDC9F7D}.Ad-Hoc|ARM.ActiveCfg = Release|Any CPU
		{C3161157-04A4-4FD6-979E-5EC35EDC9F7D}.Ad-Hoc|ARM.Build.0 = Release|Any CPU
		{C3161157-04A4-4FD6-979E-5EC35EDC9F7D}.Ad-Hoc|iPhone.ActiveCfg = Release|Any CPU
		{C3161157-04A4-4FD6-979E-5EC35EDC9F7D}.Ad-Hoc|iPhone.Build.0 = Release|Any CPU
		{C3161157-04A4-4FD6-979E-5EC35EDC9F7D}.Ad-Hoc|iPhoneSimulator.ActiveCfg = Release|Any CPU
		{C3161157-04A4-4FD6-979E-5EC35EDC9F7D}.Ad-Hoc|iPhoneSimulator.Build.0 = Release|Any CPU
		{C3161157-04A4-4FD6-979E-5EC35EDC9F7D}.Ad-Hoc|x64.ActiveCfg = Release|Any CPU
		{C3161157-04A4-4FD6-979E-5EC35EDC9F7D}.Ad-Hoc|x64.Build.0 = Release|Any CPU
		{C3161157-04A4-4FD6-979E-5EC35EDC9F7D}.Ad-Hoc|x86.ActiveCfg = Release|Any CPU
		{C3161157-04A4-4FD6-979E-5EC35EDC9F7D}.Ad-Hoc|x86.Build.0 = Release|Any CPU
		{C3161157-04A4-4FD6-979E-5EC35EDC9F7D}.AppStore|Any CPU.ActiveCfg = Release|Any CPU
		{C3161157-04A4-4FD6-979E-5EC35EDC9F7D}.AppStore|Any CPU.Build.0 = Release|Any CPU
		{C3161157-04A4-4FD6-979E-5EC35EDC9F7D}.AppStore|ARM.ActiveCfg = Release|Any CPU
		{C3161157-04A4-4FD6-979E-5EC35EDC9F7D}.AppStore|ARM.Build.0 = Release|Any CPU
		{C3161157-04A4-4FD6-979E-5EC35EDC9F7D}.AppStore|iPhone.ActiveCfg = Release|Any CPU
		{C3161157-04A4-4FD6-979E-5EC35EDC9F7D}.AppStore|iPhone.Build.0 = Release|Any CPU
		{C3161157-04A4-4FD6-979E-5EC35EDC9F7D}.AppStore|iPhoneSimulator.ActiveCfg = Release|Any CPU
		{C3161157-04A4-4FD6-979E-5EC35EDC9F7D}.AppStore|iPhoneSimulator.Build.0 = Release|Any CPU
		{C3161157-04A4-4FD6-979E-5EC35EDC9F7D}.AppStore|x64.ActiveCfg = Release|Any CPU
		{C3161157-04A4-4FD6-979E-5EC35EDC9F7D}.AppStore|x64.Build.0 = Release|Any CPU
		{C3161157-04A4-4FD6-979E-5EC35EDC9F7D}.AppStore|x86.ActiveCfg = Release|Any CPU
		{C3161157-04A4-4FD6-979E-5EC35EDC9F7D}.AppStore|x86.Build.0 = Release|Any CPU
		{C3161157-04A4-4FD6-979E-5EC35EDC9F7D}.Debug|Any CPU.ActiveCfg = Debug|Any CPU
		{C3161157-04A4-4FD6-979E-5EC35EDC9F7D}.Debug|Any CPU.Build.0 = Debug|Any CPU
		{C3161157-04A4-4FD6-979E-5EC35EDC9F7D}.Debug|ARM.ActiveCfg = Debug|Any CPU
		{C3161157-04A4-4FD6-979E-5EC35EDC9F7D}.Debug|ARM.Build.0 = Debug|Any CPU
		{C3161157-04A4-4FD6-979E-5EC35EDC9F7D}.Debug|iPhone.ActiveCfg = Debug|Any CPU
		{C3161157-04A4-4FD6-979E-5EC35EDC9F7D}.Debug|iPhone.Build.0 = Debug|Any CPU
		{C3161157-04A4-4FD6-979E-5EC35EDC9F7D}.Debug|iPhoneSimulator.ActiveCfg = Debug|Any CPU
		{C3161157-04A4-4FD6-979E-5EC35EDC9F7D}.Debug|iPhoneSimulator.Build.0 = Debug|Any CPU
		{C3161157-04A4-4FD6-979E-5EC35EDC9F7D}.Debug|x64.ActiveCfg = Debug|Any CPU
		{C3161157-04A4-4FD6-979E-5EC35EDC9F7D}.Debug|x64.Build.0 = Debug|Any CPU
		{C3161157-04A4-4FD6-979E-5EC35EDC9F7D}.Debug|x86.ActiveCfg = Debug|Any CPU
		{C3161157-04A4-4FD6-979E-5EC35EDC9F7D}.Debug|x86.Build.0 = Debug|Any CPU
		{C3161157-04A4-4FD6-979E-5EC35EDC9F7D}.Release|Any CPU.ActiveCfg = Release|Any CPU
		{C3161157-04A4-4FD6-979E-5EC35EDC9F7D}.Release|Any CPU.Build.0 = Release|Any CPU
		{C3161157-04A4-4FD6-979E-5EC35EDC9F7D}.Release|ARM.ActiveCfg = Release|Any CPU
		{C3161157-04A4-4FD6-979E-5EC35EDC9F7D}.Release|ARM.Build.0 = Release|Any CPU
		{C3161157-04A4-4FD6-979E-5EC35EDC9F7D}.Release|iPhone.ActiveCfg = Release|Any CPU
		{C3161157-04A4-4FD6-979E-5EC35EDC9F7D}.Release|iPhone.Build.0 = Release|Any CPU
		{C3161157-04A4-4FD6-979E-5EC35EDC9F7D}.Release|iPhoneSimulator.ActiveCfg = Release|Any CPU
		{C3161157-04A4-4FD6-979E-5EC35EDC9F7D}.Release|iPhoneSimulator.Build.0 = Release|Any CPU
		{C3161157-04A4-4FD6-979E-5EC35EDC9F7D}.Release|x64.ActiveCfg = Release|Any CPU
		{C3161157-04A4-4FD6-979E-5EC35EDC9F7D}.Release|x64.Build.0 = Release|Any CPU
		{C3161157-04A4-4FD6-979E-5EC35EDC9F7D}.Release|x86.ActiveCfg = Release|Any CPU
		{C3161157-04A4-4FD6-979E-5EC35EDC9F7D}.Release|x86.Build.0 = Release|Any CPU
		{5A4A1932-7E3A-4242-A38E-D702C02FB368}.Ad-Hoc|Any CPU.ActiveCfg = Release|Any CPU
		{5A4A1932-7E3A-4242-A38E-D702C02FB368}.Ad-Hoc|Any CPU.Build.0 = Release|Any CPU
		{5A4A1932-7E3A-4242-A38E-D702C02FB368}.Ad-Hoc|ARM.ActiveCfg = Release|Any CPU
		{5A4A1932-7E3A-4242-A38E-D702C02FB368}.Ad-Hoc|ARM.Build.0 = Release|Any CPU
		{5A4A1932-7E3A-4242-A38E-D702C02FB368}.Ad-Hoc|iPhone.ActiveCfg = Release|Any CPU
		{5A4A1932-7E3A-4242-A38E-D702C02FB368}.Ad-Hoc|iPhone.Build.0 = Release|Any CPU
		{5A4A1932-7E3A-4242-A38E-D702C02FB368}.Ad-Hoc|iPhoneSimulator.ActiveCfg = Release|Any CPU
		{5A4A1932-7E3A-4242-A38E-D702C02FB368}.Ad-Hoc|iPhoneSimulator.Build.0 = Release|Any CPU
		{5A4A1932-7E3A-4242-A38E-D702C02FB368}.Ad-Hoc|x64.ActiveCfg = Release|Any CPU
		{5A4A1932-7E3A-4242-A38E-D702C02FB368}.Ad-Hoc|x64.Build.0 = Release|Any CPU
		{5A4A1932-7E3A-4242-A38E-D702C02FB368}.Ad-Hoc|x86.ActiveCfg = Release|Any CPU
		{5A4A1932-7E3A-4242-A38E-D702C02FB368}.Ad-Hoc|x86.Build.0 = Release|Any CPU
		{5A4A1932-7E3A-4242-A38E-D702C02FB368}.AppStore|Any CPU.ActiveCfg = Release|Any CPU
		{5A4A1932-7E3A-4242-A38E-D702C02FB368}.AppStore|Any CPU.Build.0 = Release|Any CPU
		{5A4A1932-7E3A-4242-A38E-D702C02FB368}.AppStore|ARM.ActiveCfg = Release|Any CPU
		{5A4A1932-7E3A-4242-A38E-D702C02FB368}.AppStore|ARM.Build.0 = Release|Any CPU
		{5A4A1932-7E3A-4242-A38E-D702C02FB368}.AppStore|iPhone.ActiveCfg = Release|Any CPU
		{5A4A1932-7E3A-4242-A38E-D702C02FB368}.AppStore|iPhone.Build.0 = Release|Any CPU
		{5A4A1932-7E3A-4242-A38E-D702C02FB368}.AppStore|iPhoneSimulator.ActiveCfg = Release|Any CPU
		{5A4A1932-7E3A-4242-A38E-D702C02FB368}.AppStore|iPhoneSimulator.Build.0 = Release|Any CPU
		{5A4A1932-7E3A-4242-A38E-D702C02FB368}.AppStore|x64.ActiveCfg = Release|Any CPU
		{5A4A1932-7E3A-4242-A38E-D702C02FB368}.AppStore|x64.Build.0 = Release|Any CPU
		{5A4A1932-7E3A-4242-A38E-D702C02FB368}.AppStore|x86.ActiveCfg = Release|Any CPU
		{5A4A1932-7E3A-4242-A38E-D702C02FB368}.AppStore|x86.Build.0 = Release|Any CPU
		{5A4A1932-7E3A-4242-A38E-D702C02FB368}.Debug|Any CPU.ActiveCfg = Debug|Any CPU
		{5A4A1932-7E3A-4242-A38E-D702C02FB368}.Debug|Any CPU.Build.0 = Debug|Any CPU
		{5A4A1932-7E3A-4242-A38E-D702C02FB368}.Debug|ARM.ActiveCfg = Debug|Any CPU
		{5A4A1932-7E3A-4242-A38E-D702C02FB368}.Debug|ARM.Build.0 = Debug|Any CPU
		{5A4A1932-7E3A-4242-A38E-D702C02FB368}.Debug|iPhone.ActiveCfg = Debug|Any CPU
		{5A4A1932-7E3A-4242-A38E-D702C02FB368}.Debug|iPhone.Build.0 = Debug|Any CPU
		{5A4A1932-7E3A-4242-A38E-D702C02FB368}.Debug|iPhoneSimulator.ActiveCfg = Debug|Any CPU
		{5A4A1932-7E3A-4242-A38E-D702C02FB368}.Debug|iPhoneSimulator.Build.0 = Debug|Any CPU
		{5A4A1932-7E3A-4242-A38E-D702C02FB368}.Debug|x64.ActiveCfg = Debug|Any CPU
		{5A4A1932-7E3A-4242-A38E-D702C02FB368}.Debug|x64.Build.0 = Debug|Any CPU
		{5A4A1932-7E3A-4242-A38E-D702C02FB368}.Debug|x86.ActiveCfg = Debug|Any CPU
		{5A4A1932-7E3A-4242-A38E-D702C02FB368}.Debug|x86.Build.0 = Debug|Any CPU
		{5A4A1932-7E3A-4242-A38E-D702C02FB368}.Release|Any CPU.ActiveCfg = Release|Any CPU
		{5A4A1932-7E3A-4242-A38E-D702C02FB368}.Release|Any CPU.Build.0 = Release|Any CPU
		{5A4A1932-7E3A-4242-A38E-D702C02FB368}.Release|ARM.ActiveCfg = Release|Any CPU
		{5A4A1932-7E3A-4242-A38E-D702C02FB368}.Release|ARM.Build.0 = Release|Any CPU
		{5A4A1932-7E3A-4242-A38E-D702C02FB368}.Release|iPhone.ActiveCfg = Release|Any CPU
		{5A4A1932-7E3A-4242-A38E-D702C02FB368}.Release|iPhone.Build.0 = Release|Any CPU
		{5A4A1932-7E3A-4242-A38E-D702C02FB368}.Release|iPhoneSimulator.ActiveCfg = Release|Any CPU
		{5A4A1932-7E3A-4242-A38E-D702C02FB368}.Release|iPhoneSimulator.Build.0 = Release|Any CPU
		{5A4A1932-7E3A-4242-A38E-D702C02FB368}.Release|x64.ActiveCfg = Release|Any CPU
		{5A4A1932-7E3A-4242-A38E-D702C02FB368}.Release|x64.Build.0 = Release|Any CPU
		{5A4A1932-7E3A-4242-A38E-D702C02FB368}.Release|x86.ActiveCfg = Release|Any CPU
		{5A4A1932-7E3A-4242-A38E-D702C02FB368}.Release|x86.Build.0 = Release|Any CPU
		{516F00E8-6021-43B5-8A13-5E86A1C28F62}.Ad-Hoc|Any CPU.ActiveCfg = Release|Any CPU
		{516F00E8-6021-43B5-8A13-5E86A1C28F62}.Ad-Hoc|Any CPU.Build.0 = Release|Any CPU
		{516F00E8-6021-43B5-8A13-5E86A1C28F62}.Ad-Hoc|ARM.ActiveCfg = Release|Any CPU
		{516F00E8-6021-43B5-8A13-5E86A1C28F62}.Ad-Hoc|ARM.Build.0 = Release|Any CPU
		{516F00E8-6021-43B5-8A13-5E86A1C28F62}.Ad-Hoc|iPhone.ActiveCfg = Release|Any CPU
		{516F00E8-6021-43B5-8A13-5E86A1C28F62}.Ad-Hoc|iPhone.Build.0 = Release|Any CPU
		{516F00E8-6021-43B5-8A13-5E86A1C28F62}.Ad-Hoc|iPhoneSimulator.ActiveCfg = Release|Any CPU
		{516F00E8-6021-43B5-8A13-5E86A1C28F62}.Ad-Hoc|iPhoneSimulator.Build.0 = Release|Any CPU
		{516F00E8-6021-43B5-8A13-5E86A1C28F62}.Ad-Hoc|x64.ActiveCfg = Release|Any CPU
		{516F00E8-6021-43B5-8A13-5E86A1C28F62}.Ad-Hoc|x64.Build.0 = Release|Any CPU
		{516F00E8-6021-43B5-8A13-5E86A1C28F62}.Ad-Hoc|x86.ActiveCfg = Release|Any CPU
		{516F00E8-6021-43B5-8A13-5E86A1C28F62}.Ad-Hoc|x86.Build.0 = Release|Any CPU
		{516F00E8-6021-43B5-8A13-5E86A1C28F62}.AppStore|Any CPU.ActiveCfg = Release|Any CPU
		{516F00E8-6021-43B5-8A13-5E86A1C28F62}.AppStore|Any CPU.Build.0 = Release|Any CPU
		{516F00E8-6021-43B5-8A13-5E86A1C28F62}.AppStore|ARM.ActiveCfg = Release|Any CPU
		{516F00E8-6021-43B5-8A13-5E86A1C28F62}.AppStore|ARM.Build.0 = Release|Any CPU
		{516F00E8-6021-43B5-8A13-5E86A1C28F62}.AppStore|iPhone.ActiveCfg = Release|Any CPU
		{516F00E8-6021-43B5-8A13-5E86A1C28F62}.AppStore|iPhone.Build.0 = Release|Any CPU
		{516F00E8-6021-43B5-8A13-5E86A1C28F62}.AppStore|iPhoneSimulator.ActiveCfg = Release|Any CPU
		{516F00E8-6021-43B5-8A13-5E86A1C28F62}.AppStore|iPhoneSimulator.Build.0 = Release|Any CPU
		{516F00E8-6021-43B5-8A13-5E86A1C28F62}.AppStore|x64.ActiveCfg = Release|Any CPU
		{516F00E8-6021-43B5-8A13-5E86A1C28F62}.AppStore|x64.Build.0 = Release|Any CPU
		{516F00E8-6021-43B5-8A13-5E86A1C28F62}.AppStore|x86.ActiveCfg = Release|Any CPU
		{516F00E8-6021-43B5-8A13-5E86A1C28F62}.AppStore|x86.Build.0 = Release|Any CPU
		{516F00E8-6021-43B5-8A13-5E86A1C28F62}.Debug|Any CPU.ActiveCfg = Debug|Any CPU
		{516F00E8-6021-43B5-8A13-5E86A1C28F62}.Debug|Any CPU.Build.0 = Debug|Any CPU
		{516F00E8-6021-43B5-8A13-5E86A1C28F62}.Debug|ARM.ActiveCfg = Debug|Any CPU
		{516F00E8-6021-43B5-8A13-5E86A1C28F62}.Debug|ARM.Build.0 = Debug|Any CPU
		{516F00E8-6021-43B5-8A13-5E86A1C28F62}.Debug|iPhone.ActiveCfg = Debug|Any CPU
		{516F00E8-6021-43B5-8A13-5E86A1C28F62}.Debug|iPhone.Build.0 = Debug|Any CPU
		{516F00E8-6021-43B5-8A13-5E86A1C28F62}.Debug|iPhoneSimulator.ActiveCfg = Debug|Any CPU
		{516F00E8-6021-43B5-8A13-5E86A1C28F62}.Debug|iPhoneSimulator.Build.0 = Debug|Any CPU
		{516F00E8-6021-43B5-8A13-5E86A1C28F62}.Debug|x64.ActiveCfg = Debug|Any CPU
		{516F00E8-6021-43B5-8A13-5E86A1C28F62}.Debug|x64.Build.0 = Debug|Any CPU
		{516F00E8-6021-43B5-8A13-5E86A1C28F62}.Debug|x86.ActiveCfg = Debug|Any CPU
		{516F00E8-6021-43B5-8A13-5E86A1C28F62}.Debug|x86.Build.0 = Debug|Any CPU
		{516F00E8-6021-43B5-8A13-5E86A1C28F62}.Release|Any CPU.ActiveCfg = Release|Any CPU
		{516F00E8-6021-43B5-8A13-5E86A1C28F62}.Release|Any CPU.Build.0 = Release|Any CPU
		{516F00E8-6021-43B5-8A13-5E86A1C28F62}.Release|ARM.ActiveCfg = Release|Any CPU
		{516F00E8-6021-43B5-8A13-5E86A1C28F62}.Release|ARM.Build.0 = Release|Any CPU
		{516F00E8-6021-43B5-8A13-5E86A1C28F62}.Release|iPhone.ActiveCfg = Release|Any CPU
		{516F00E8-6021-43B5-8A13-5E86A1C28F62}.Release|iPhone.Build.0 = Release|Any CPU
		{516F00E8-6021-43B5-8A13-5E86A1C28F62}.Release|iPhoneSimulator.ActiveCfg = Release|Any CPU
		{516F00E8-6021-43B5-8A13-5E86A1C28F62}.Release|iPhoneSimulator.Build.0 = Release|Any CPU
		{516F00E8-6021-43B5-8A13-5E86A1C28F62}.Release|x64.ActiveCfg = Release|Any CPU
		{516F00E8-6021-43B5-8A13-5E86A1C28F62}.Release|x64.Build.0 = Release|Any CPU
		{516F00E8-6021-43B5-8A13-5E86A1C28F62}.Release|x86.ActiveCfg = Release|Any CPU
		{516F00E8-6021-43B5-8A13-5E86A1C28F62}.Release|x86.Build.0 = Release|Any CPU
		{704AA2FC-488D-4641-9547-94B85BE6431A}.Ad-Hoc|Any CPU.ActiveCfg = Release|Any CPU
		{704AA2FC-488D-4641-9547-94B85BE6431A}.Ad-Hoc|Any CPU.Build.0 = Release|Any CPU
		{704AA2FC-488D-4641-9547-94B85BE6431A}.Ad-Hoc|ARM.ActiveCfg = Release|Any CPU
		{704AA2FC-488D-4641-9547-94B85BE6431A}.Ad-Hoc|ARM.Build.0 = Release|Any CPU
		{704AA2FC-488D-4641-9547-94B85BE6431A}.Ad-Hoc|iPhone.ActiveCfg = Release|Any CPU
		{704AA2FC-488D-4641-9547-94B85BE6431A}.Ad-Hoc|iPhone.Build.0 = Release|Any CPU
		{704AA2FC-488D-4641-9547-94B85BE6431A}.Ad-Hoc|iPhoneSimulator.ActiveCfg = Release|Any CPU
		{704AA2FC-488D-4641-9547-94B85BE6431A}.Ad-Hoc|iPhoneSimulator.Build.0 = Release|Any CPU
		{704AA2FC-488D-4641-9547-94B85BE6431A}.Ad-Hoc|x64.ActiveCfg = Release|Any CPU
		{704AA2FC-488D-4641-9547-94B85BE6431A}.Ad-Hoc|x64.Build.0 = Release|Any CPU
		{704AA2FC-488D-4641-9547-94B85BE6431A}.Ad-Hoc|x86.ActiveCfg = Release|Any CPU
		{704AA2FC-488D-4641-9547-94B85BE6431A}.Ad-Hoc|x86.Build.0 = Release|Any CPU
		{704AA2FC-488D-4641-9547-94B85BE6431A}.AppStore|Any CPU.ActiveCfg = Release|Any CPU
		{704AA2FC-488D-4641-9547-94B85BE6431A}.AppStore|Any CPU.Build.0 = Release|Any CPU
		{704AA2FC-488D-4641-9547-94B85BE6431A}.AppStore|ARM.ActiveCfg = Release|Any CPU
		{704AA2FC-488D-4641-9547-94B85BE6431A}.AppStore|ARM.Build.0 = Release|Any CPU
		{704AA2FC-488D-4641-9547-94B85BE6431A}.AppStore|iPhone.ActiveCfg = Release|Any CPU
		{704AA2FC-488D-4641-9547-94B85BE6431A}.AppStore|iPhone.Build.0 = Release|Any CPU
		{704AA2FC-488D-4641-9547-94B85BE6431A}.AppStore|iPhoneSimulator.ActiveCfg = Release|Any CPU
		{704AA2FC-488D-4641-9547-94B85BE6431A}.AppStore|iPhoneSimulator.Build.0 = Release|Any CPU
		{704AA2FC-488D-4641-9547-94B85BE6431A}.AppStore|x64.ActiveCfg = Release|Any CPU
		{704AA2FC-488D-4641-9547-94B85BE6431A}.AppStore|x64.Build.0 = Release|Any CPU
		{704AA2FC-488D-4641-9547-94B85BE6431A}.AppStore|x86.ActiveCfg = Release|Any CPU
		{704AA2FC-488D-4641-9547-94B85BE6431A}.AppStore|x86.Build.0 = Release|Any CPU
		{704AA2FC-488D-4641-9547-94B85BE6431A}.Debug|Any CPU.ActiveCfg = Debug|Any CPU
		{704AA2FC-488D-4641-9547-94B85BE6431A}.Debug|Any CPU.Build.0 = Debug|Any CPU
		{704AA2FC-488D-4641-9547-94B85BE6431A}.Debug|ARM.ActiveCfg = Debug|Any CPU
		{704AA2FC-488D-4641-9547-94B85BE6431A}.Debug|ARM.Build.0 = Debug|Any CPU
		{704AA2FC-488D-4641-9547-94B85BE6431A}.Debug|iPhone.ActiveCfg = Debug|Any CPU
		{704AA2FC-488D-4641-9547-94B85BE6431A}.Debug|iPhone.Build.0 = Debug|Any CPU
		{704AA2FC-488D-4641-9547-94B85BE6431A}.Debug|iPhoneSimulator.ActiveCfg = Debug|Any CPU
		{704AA2FC-488D-4641-9547-94B85BE6431A}.Debug|iPhoneSimulator.Build.0 = Debug|Any CPU
		{704AA2FC-488D-4641-9547-94B85BE6431A}.Debug|x64.ActiveCfg = Debug|Any CPU
		{704AA2FC-488D-4641-9547-94B85BE6431A}.Debug|x64.Build.0 = Debug|Any CPU
		{704AA2FC-488D-4641-9547-94B85BE6431A}.Debug|x86.ActiveCfg = Debug|Any CPU
		{704AA2FC-488D-4641-9547-94B85BE6431A}.Debug|x86.Build.0 = Debug|Any CPU
		{704AA2FC-488D-4641-9547-94B85BE6431A}.Release|Any CPU.ActiveCfg = Release|Any CPU
		{704AA2FC-488D-4641-9547-94B85BE6431A}.Release|Any CPU.Build.0 = Release|Any CPU
		{704AA2FC-488D-4641-9547-94B85BE6431A}.Release|ARM.ActiveCfg = Release|Any CPU
		{704AA2FC-488D-4641-9547-94B85BE6431A}.Release|ARM.Build.0 = Release|Any CPU
		{704AA2FC-488D-4641-9547-94B85BE6431A}.Release|iPhone.ActiveCfg = Release|Any CPU
		{704AA2FC-488D-4641-9547-94B85BE6431A}.Release|iPhone.Build.0 = Release|Any CPU
		{704AA2FC-488D-4641-9547-94B85BE6431A}.Release|iPhoneSimulator.ActiveCfg = Release|Any CPU
		{704AA2FC-488D-4641-9547-94B85BE6431A}.Release|iPhoneSimulator.Build.0 = Release|Any CPU
		{704AA2FC-488D-4641-9547-94B85BE6431A}.Release|x64.ActiveCfg = Release|Any CPU
		{704AA2FC-488D-4641-9547-94B85BE6431A}.Release|x64.Build.0 = Release|Any CPU
		{704AA2FC-488D-4641-9547-94B85BE6431A}.Release|x86.ActiveCfg = Release|Any CPU
		{704AA2FC-488D-4641-9547-94B85BE6431A}.Release|x86.Build.0 = Release|Any CPU
	EndGlobalSection
	GlobalSection(SolutionProperties) = preSolution
		HideSolutionNode = FALSE
	EndGlobalSection
EndGlobal
